
Microsoft Visual Studio Solution File, Format Version 12.00
# Visual Studio Version 17
VisualStudioVersion = 17.2.32505.173
MinimumVisualStudioVersion = 10.0.40219.1
Project("{9A19103F-16F7-4668-BE54-9A1E7A4F7556}") = "Napelem", "Napelem\Napelem.csproj", "{B8769893-4DD1-4743-909F-DB9E5D26BBBE}"
EndProject
Global
	GlobalSection(SolutionConfigurationPlatforms) = preSolution
		Debug|Any CPU = Debug|Any CPU
		Release|Any CPU = Release|Any CPU
	EndGlobalSection
	GlobalSection(ProjectConfigurationPlatforms) = postSolution
		{B8769893-4DD1-4743-909F-DB9E5D26BBBE}.Debug|Any CPU.ActiveCfg = Debug|Any CPU
		{B8769893-4DD1-4743-909F-DB9E5D26BBBE}.Debug|Any CPU.Build.0 = Debug|Any CPU
		{B8769893-4DD1-4743-909F-DB9E5D26BBBE}.Release|Any CPU.ActiveCfg = Release|Any CPU
		{B8769893-4DD1-4743-909F-DB9E5D26BBBE}.Release|Any CPU.Build.0 = Release|Any CPU
	EndGlobalSection
	GlobalSection(SolutionProperties) = preSolution
		HideSolutionNode = FALSE
	EndGlobalSection
	GlobalSection(ExtensibilityGlobals) = postSolution
		SolutionGuid = {D16DF8DD-BB3B-44EB-BFFF-8000B0176C12}
	EndGlobalSection
EndGlobal
